// !$*UTF8*$!
{
	archiveVersion = 1;
	classes = {
	};
	objectVersion = 50;
	objects = {

/* Begin PBXBuildFile section */
		F6DFE21724CFA9ED0012EFB6 /* AppDelegate.swift in Sources */ = {isa = PBXBuildFile; fileRef = F6DFE21624CFA9ED0012EFB6 /* AppDelegate.swift */; };
		F6DFE21924CFA9ED0012EFB6 /* SceneDelegate.swift in Sources */ = {isa = PBXBuildFile; fileRef = F6DFE21824CFA9ED0012EFB6 /* SceneDelegate.swift */; };
		F6DFE21B24CFA9ED0012EFB6 /* ViewController.swift in Sources */ = {isa = PBXBuildFile; fileRef = F6DFE21A24CFA9ED0012EFB6 /* ViewController.swift */; };
		F6DFE21E24CFA9ED0012EFB6 /* Main.storyboard in Resources */ = {isa = PBXBuildFile; fileRef = F6DFE21C24CFA9ED0012EFB6 /* Main.storyboard */; };
		F6DFE22024CFA9F30012EFB6 /* Assets.xcassets in Resources */ = {isa = PBXBuildFile; fileRef = F6DFE21F24CFA9F30012EFB6 /* Assets.xcassets */; };
		F6DFE22324CFA9F30012EFB6 /* LaunchScreen.storyboard in Resources */ = {isa = PBXBuildFile; fileRef = F6DFE22124CFA9F30012EFB6 /* LaunchScreen.storyboard */; };
/* End PBXBuildFile section */

/* Begin PBXFileReference section */
		F67DF87A24E6178B00E8F4DC /* String.playground */ = {isa = PBXFileReference; lastKnownFileType = file.playground; path = String.playground; sourceTree = "<group>"; xcLanguageSpecificationIdentifier = xcode.lang.swift; };
		F6990E4424EBF80D00F3B1D4 /* Basic_Operator.playground */ = {isa = PBXFileReference; lastKnownFileType = file.playground; path = Basic_Operator.playground; sourceTree = "<group>"; xcLanguageSpecificationIdentifier = xcode.lang.swift; };
		F6990E4524EBF84000F3B1D4 /* Basic.playground */ = {isa = PBXFileReference; lastKnownFileType = file.playground; path = Basic.playground; sourceTree = "<group>"; xcLanguageSpecificationIdentifier = xcode.lang.swift; };
		F6990E4824EC357700F3B1D4 /* CollectionType.playground */ = {isa = PBXFileReference; lastKnownFileType = file.playground; path = CollectionType.playground; sourceTree = "<group>"; xcLanguageSpecificationIdentifier = xcode.lang.swift; };
		F6DFE21324CFA9ED0012EFB6 /* Learn-Swift.app */ = {isa = PBXFileReference; explicitFileType = wrapper.application; includeInIndex = 0; path = "Learn-Swift.app"; sourceTree = BUILT_PRODUCTS_DIR; };
		F6DFE21624CFA9ED0012EFB6 /* AppDelegate.swift */ = {isa = PBXFileReference; lastKnownFileType = sourcecode.swift; path = AppDelegate.swift; sourceTree = "<group>"; };
		F6DFE21824CFA9ED0012EFB6 /* SceneDelegate.swift */ = {isa = PBXFileReference; lastKnownFileType = sourcecode.swift; path = SceneDelegate.swift; sourceTree = "<group>"; };
		F6DFE21A24CFA9ED0012EFB6 /* ViewController.swift */ = {isa = PBXFileReference; lastKnownFileType = sourcecode.swift; path = ViewController.swift; sourceTree = "<group>"; };
		F6DFE21D24CFA9ED0012EFB6 /* Base */ = {isa = PBXFileReference; lastKnownFileType = file.storyboard; name = Base; path = Base.lproj/Main.storyboard; sourceTree = "<group>"; };
		F6DFE21F24CFA9F30012EFB6 /* Assets.xcassets */ = {isa = PBXFileReference; lastKnownFileType = folder.assetcatalog; path = Assets.xcassets; sourceTree = "<group>"; };
		F6DFE22224CFA9F30012EFB6 /* Base */ = {isa = PBXFileReference; lastKnownFileType = file.storyboard; name = Base; path = Base.lproj/LaunchScreen.storyboard; sourceTree = "<group>"; };
		F6DFE22424CFA9F30012EFB6 /* Info.plist */ = {isa = PBXFileReference; lastKnownFileType = text.plist.xml; path = Info.plist; sourceTree = "<group>"; };
/* End PBXFileReference section */

/* Begin PBXFrameworksBuildPhase section */
		F6DFE21024CFA9ED0012EFB6 /* Frameworks */ = {
			isa = PBXFrameworksBuildPhase;
			buildActionMask = 2147483647;
			files = (
			);
			runOnlyForDeploymentPostprocessing = 0;
		};
/* End PBXFrameworksBuildPhase section */

/* Begin PBXGroup section */
		F6CFF25C24D86ED00083D866 /* Source */ = {
			isa = PBXGroup;
			children = (
				F6DFE21624CFA9ED0012EFB6 /* AppDelegate.swift */,
				F6DFE21824CFA9ED0012EFB6 /* SceneDelegate.swift */,
				F6DFE21A24CFA9ED0012EFB6 /* ViewController.swift */,
				F6DFE21C24CFA9ED0012EFB6 /* Main.storyboard */,
				F6DFE21F24CFA9F30012EFB6 /* Assets.xcassets */,
				F6DFE22124CFA9F30012EFB6 /* LaunchScreen.storyboard */,
			);
			path = Source;
			sourceTree = "<group>";
		};
		F6DFE20A24CFA9ED0012EFB6 = {
			isa = PBXGroup;
			children = (
				F6DFE21524CFA9ED0012EFB6 /* Learn-Swift */,
				F6DFE21424CFA9ED0012EFB6 /* Products */,
			);
			sourceTree = "<group>";
		};
		F6DFE21424CFA9ED0012EFB6 /* Products */ = {
			isa = PBXGroup;
			children = (
				F6DFE21324CFA9ED0012EFB6 /* Learn-Swift.app */,
			);
			name = Products;
			sourceTree = "<group>";
		};
		F6DFE21524CFA9ED0012EFB6 /* Learn-Swift */ = {
			isa = PBXGroup;
			children = (
				F6DFE22424CFA9F30012EFB6 /* Info.plist */,
				F6CFF25C24D86ED00083D866 /* Source */,
				F6990E4824EC357700F3B1D4 /* CollectionType.playground */,
				F6990E4424EBF80D00F3B1D4 /* Basic_Operator.playground */,
				F67DF87A24E6178B00E8F4DC /* String.playground */,
				F6990E4524EBF84000F3B1D4 /* Basic.playground */,
			);
			path = "Learn-Swift";
			sourceTree = "<group>";
		};
/* End PBXGroup section */

/* Begin PBXNativeTarget section */
		F6DFE21224CFA9ED0012EFB6 /* Learn-Swift */ = {
			isa = PBXNativeTarget;
			buildConfigurationList = F6DFE22724CFA9F30012EFB6 /* Build configuration list for PBXNativeTarget "Learn-Swift" */;
			buildPhases = (
				F6DFE20F24CFA9ED0012EFB6 /* Sources */,
				F6DFE21024CFA9ED0012EFB6 /* Frameworks */,
				F6DFE21124CFA9ED0012EFB6 /* Resources */,
			);
			buildRules = (
			);
			dependencies = (
			);
			name = "Learn-Swift";
			productName = "Learn-Swift";
			productReference = F6DFE21324CFA9ED0012EFB6 /* Learn-Swift.app */;
			productType = "com.apple.product-type.application";
		};
/* End PBXNativeTarget section */

/* Begin PBXProject section */
		F6DFE20B24CFA9ED0012EFB6 /* Project object */ = {
			isa = PBXProject;
			attributes = {
				LastSwiftUpdateCheck = 1150;
				LastUpgradeCheck = 1150;
				ORGANIZATIONNAME = "Gabriel Gonçalves Guimarães";
				TargetAttributes = {
					F6DFE21224CFA9ED0012EFB6 = {
						CreatedOnToolsVersion = 11.5;
					};
				};
			};
			buildConfigurationList = F6DFE20E24CFA9ED0012EFB6 /* Build configuration list for PBXProject "Learn-Swift" */;
			compatibilityVersion = "Xcode 9.3";
			developmentRegion = en;
			hasScannedForEncodings = 0;
			knownRegions = (
				en,
				Base,
			);
			mainGroup = F6DFE20A24CFA9ED0012EFB6;
			productRefGroup = F6DFE21424CFA9ED0012EFB6 /* Products */;
			projectDirPath = "";
			projectRoot = "";
			targets = (
				F6DFE21224CFA9ED0012EFB6 /* Learn-Swift */,
			);
		};
/* End PBXProject section */

/* Begin PBXResourcesBuildPhase section */
		F6DFE21124CFA9ED0012EFB6 /* Resources */ = {
			isa = PBXResourcesBuildPhase;
			buildActionMask = 2147483647;
			files = (
				F6DFE22324CFA9F30012EFB6 /* LaunchScreen.storyboard in Resources */,
				F6DFE22024CFA9F30012EFB6 /* Assets.xcassets in Resources */,
				F6DFE21E24CFA9ED0012EFB6 /* Main.storyboard in Resources */,
			);
			runOnlyForDeploymentPostprocessing = 0;
		};
/* End PBXResourcesBuildPhase section */

/* Begin PBXSourcesBuildPhase section */
		F6DFE20F24CFA9ED0012EFB6 /* Sources */ = {
			isa = PBXSourcesBuildPhase;
			buildActionMask = 2147483647;
			files = (
				F6DFE21B24CFA9ED0012EFB6 /* ViewController.swift in Sources */,
				F6DFE21724CFA9ED0012EFB6 /* AppDelegate.swift in Sources */,
				F6DFE21924CFA9ED0012EFB6 /* SceneDelegate.swift in Sources */,
			);
			runOnlyForDeploymentPostprocessing = 0;
		};
/* End PBXSourcesBuildPhase section */

/* Begin PBXVariantGroup section */
		F6DFE21C24CFA9ED0012EFB6 /* Main.storyboard */ = {
			isa = PBXVariantGroup;
			children = (
				F6DFE21D24CFA9ED0012EFB6 /* Base */,
			);
			name = Main.storyboard;
			sourceTree = "<group>";
		};
		F6DFE22124CFA9F30012EFB6 /* LaunchScreen.storyboard */ = {
			isa = PBXVariantGroup;
			children = (
				F6DFE22224CFA9F30012EFB6 /* Base */,
			);
			name = LaunchScreen.storyboard;
			sourceTree = "<group>";
		};
/* End PBXVariantGroup section */

/* Begin XCBuildConfiguration section */
		F6DFE22524CFA9F30012EFB6 /* Debug */ = {
			isa = XCBuildConfiguration;
			buildSettings = {
				ALWAYS_SEARCH_USER_PATHS = NO;
				CLANG_ANALYZER_NONNULL = YES;
				CLANG_ANALYZER_NUMBER_OBJECT_CONVERSION = YES_AGGRESSIVE;
				CLANG_CXX_LANGUAGE_STANDARD = "gnu++14";
				CLANG_CXX_LIBRARY = "libc++";
				CLANG_ENABLE_MODULES = YES;
				CLANG_ENABLE_OBJC_ARC = YES;
				CLANG_ENABLE_OBJC_WEAK = YES;
				CLANG_WARN_BLOCK_CAPTURE_AUTORELEASING = YES;
				CLANG_WARN_BOOL_CONVERSION = YES;
				CLANG_WARN_COMMA = YES;
				CLANG_WARN_CONSTANT_CONVERSION = YES;
				CLANG_WARN_DEPRECATED_OBJC_IMPLEMENTATIONS = YES;
				CLANG_WARN_DIRECT_OBJC_ISA_USAGE = YES_ERROR;
				CLANG_WARN_DOCUMENTATION_COMMENTS = YES;
				CLANG_WARN_EMPTY_BODY = YES;
				CLANG_WARN_ENUM_CONVERSION = YES;
				CLANG_WARN_INFINITE_RECURSION = YES;
				CLANG_WARN_INT_CONVERSION = YES;
				CLANG_WARN_NON_LITERAL_NULL_CONVERSION = YES;
				CLANG_WARN_OBJC_IMPLICIT_RETAIN_SELF = YES;
				CLANG_WARN_OBJC_LITERAL_CONVERSION = YES;
				CLANG_WARN_OBJC_ROOT_CLASS = YES_ERROR;
				CLANG_WARN_RANGE_LOOP_ANALYSIS = YES;
				CLANG_WARN_STRICT_PROTOTYPES = YES;
				CLANG_WARN_SUSPICIOUS_MOVE = YES;
				CLANG_WARN_UNGUARDED_AVAILABILITY = YES_AGGRESSIVE;
				CLANG_WARN_UNREACHABLE_CODE = YES;
				CLANG_WARN__DUPLICATE_METHOD_MATCH = YES;
				COPY_PHASE_STRIP = NO;
				DEBUG_INFORMATION_FORMAT = dwarf;
				ENABLE_STRICT_OBJC_MSGSEND = YES;
				ENABLE_TESTABILITY = YES;
				GCC_C_LANGUAGE_STANDARD = gnu11;
				GCC_DYNAMIC_NO_PIC = NO;
				GCC_NO_COMMON_BLOCKS = YES;
				GCC_OPTIMIZATION_LEVEL = 0;
				GCC_PREPROCESSOR_DEFINITIONS = (
					"DEBUG=1",
					"$(inherited)",
				);
				GCC_WARN_64_TO_32_BIT_CONVERSION = YES;
				GCC_WARN_ABOUT_RETURN_TYPE = YES_ERROR;
				GCC_WARN_UNDECLARED_SELECTOR = YES;
				GCC_WARN_UNINITIALIZED_AUTOS = YES_AGGRESSIVE;
				GCC_WARN_UNUSED_FUNCTION = YES;
				GCC_WARN_UNUSED_VARIABLE = YES;
				IPHONEOS_DEPLOYMENT_TARGET = 13.5;
				MTL_ENABLE_DEBUG_INFO = INCLUDE_SOURCE;
				MTL_FAST_MATH = YES;
				ONLY_ACTIVE_ARCH = YES;
				SDKROOT = iphoneos;
				SWIFT_ACTIVE_COMPILATION_CONDITIONS = DEBUG;
				SWIFT_OPTIMIZATION_LEVEL = "-Onone";
			};
			name = Debug;
		};
		F6DFE22624CFA9F30012EFB6 /* Release */ = {
			isa = XCBuildConfiguration;
			buildSettings = {
				ALWAYS_SEARCH_USER_PATHS = NO;
				CLANG_ANALYZER_NONNULL = YES;
				CLANG_ANALYZER_NUMBER_OBJECT_CONVERSION = YES_AGGRESSIVE;
				CLANG_CXX_LANGUAGE_STANDARD = "gnu++14";
				CLANG_CXX_LIBRARY = "libc++";
				CLANG_ENABLE_MODULES = YES;
				CLANG_ENABLE_OBJC_ARC = YES;
				CLANG_ENABLE_OBJC_WEAK = YES;
				CLANG_WARN_BLOCK_CAPTURE_AUTORELEASING = YES;
				CLANG_WARN_BOOL_CONVERSION = YES;
				CLANG_WARN_COMMA = YES;
				CLANG_WARN_CONSTANT_CONVERSION = YES;
				CLANG_WARN_DEPRECATED_OBJC_IMPLEMENTATIONS = YES;
				CLANG_WARN_DIRECT_OBJC_ISA_USAGE = YES_ERROR;
				CLANG_WARN_DOCUMENTATION_COMMENTS = YES;
				CLANG_WARN_EMPTY_BODY = YES;
				CLANG_WARN_ENUM_CONVERSION = YES;
				CLANG_WARN_INFINITE_RECURSION = YES;
				CLANG_WARN_INT_CONVERSION = YES;
				CLANG_WARN_NON_LITERAL_NULL_CONVERSION = YES;
				CLANG_WARN_OBJC_IMPLICIT_RETAIN_SELF = YES;
				CLANG_WARN_OBJC_LITERAL_CONVERSION = YES;
				CLANG_WARN_OBJC_ROOT_CLASS = YES_ERROR;
				CLANG_WARN_RANGE_LOOP_ANALYSIS = YES;
				CLANG_WARN_STRICT_PROTOTYPES = YES;
				CLANG_WARN_SUSPICIOUS_MOVE = YES;
				CLANG_WARN_UNGUARDED_AVAILABILITY = YES_AGGRESSIVE;
				CLANG_WARN_UNREACHABLE_CODE = YES;
				CLANG_WARN__DUPLICATE_METHOD_MATCH = YES;
				COPY_PHASE_STRIP = NO;
				DEBUG_INFORMATION_FORMAT = "dwarf-with-dsym";
				ENABLE_NS_ASSERTIONS = NO;
				ENABLE_STRICT_OBJC_MSGSEND = YES;
				GCC_C_LANGUAGE_STANDARD = gnu11;
				GCC_NO_COMMON_BLOCKS = YES;
				GCC_WARN_64_TO_32_BIT_CONVERSION = YES;
				GCC_WARN_ABOUT_RETURN_TYPE = YES_ERROR;
				GCC_WARN_UNDECLARED_SELECTOR = YES;
				GCC_WARN_UNINITIALIZED_AUTOS = YES_AGGRESSIVE;
				GCC_WARN_UNUSED_FUNCTION = YES;
				GCC_WARN_UNUSED_VARIABLE = YES;
				IPHONEOS_DEPLOYMENT_TARGET = 13.5;
				MTL_ENABLE_DEBUG_INFO = NO;
				MTL_FAST_MATH = YES;
				SDKROOT = iphoneos;
				SWIFT_COMPILATION_MODE = wholemodule;
				SWIFT_OPTIMIZATION_LEVEL = "-O";
				VALIDATE_PRODUCT = YES;
			};
			name = Release;
		};
		F6DFE22824CFA9F30012EFB6 /* Debug */ = {
			isa = XCBuildConfiguration;
			buildSettings = {
				ASSETCATALOG_COMPILER_APPICON_NAME = AppIcon;
				CODE_SIGN_STYLE = Automatic;
				INFOPLIST_FILE = "Learn-Swift/Info.plist";
				LD_RUNPATH_SEARCH_PATHS = (
					"$(inherited)",
					"@executable_path/Frameworks",
				);
				PRODUCT_BUNDLE_IDENTIFIER = "Gabriel.Learn-Swift";
				PRODUCT_NAME = "$(TARGET_NAME)";
				SWIFT_VERSION = 5.0;
				TARGETED_DEVICE_FAMILY = "1,2";
			};
			name = Debug;
		};
		F6DFE22924CFA9F30012EFB6 /* Release */ = {
			isa = XCBuildConfiguration;
			buildSettings = {
				ASSETCATALOG_COMPILER_APPICON_NAME = AppIcon;
				CODE_SIGN_STYLE = Automatic;
				INFOPLIST_FILE = "Learn-Swift/Info.plist";
				LD_RUNPATH_SEARCH_PATHS = (
					"$(inherited)",
					"@executable_path/Frameworks",
				);
				PRODUCT_BUNDLE_IDENTIFIER = "Gabriel.Learn-Swift";
				PRODUCT_NAME = "$(TARGET_NAME)";
				SWIFT_VERSION = 5.0;
				TARGETED_DEVICE_FAMILY = "1,2";
			};
			name = Release;
		};
/* End XCBuildConfiguration section */

/* Begin XCConfigurationList section */
		F6DFE20E24CFA9ED0012EFB6 /* Build configuration list for PBXProject "Learn-Swift" */ = {
			isa = XCConfigurationList;
			buildConfigurations = (
				F6DFE22524CFA9F30012EFB6 /* Debug */,
				F6DFE22624CFA9F30012EFB6 /* Release */,
			);
			defaultConfigurationIsVisible = 0;
			defaultConfigurationName = Release;
		};
		F6DFE22724CFA9F30012EFB6 /* Build configuration list for PBXNativeTarget "Learn-Swift" */ = {
			isa = XCConfigurationList;
			buildConfigurations = (
				F6DFE22824CFA9F30012EFB6 /* Debug */,
				F6DFE22924CFA9F30012EFB6 /* Release */,
			);
			defaultConfigurationIsVisible = 0;
			defaultConfigurationName = Release;
		};
/* End XCConfigurationList section */
	};
	rootObject = F6DFE20B24CFA9ED0012EFB6 /* Project object */;
}
